schema: '2.0'
stages:
  _check-env-decider:
    cmd: calkit check environment --name decider
    deps:
    - path: envs/calkit-environment.yml
      hash: md5
      md5: 1106d6a58d71d8d9058a7af25ad9b991
      size: 617
    outs:
    - path: .calkit/env-locks/decider.yml
      hash: md5
      md5: d5d4e9354c44097982fb109fea711dc9
      size: 15652
  _clean-nb-setup-sweep:
    cmd: calkit nb clean "modules/CEM/make_additional_tech_csv.ipynb"
    deps:
    - path: modules/CEM/make_additional_tech_csv.ipynb
      hash: md5
      md5: db3effcb21359e8d5d9c6ebeed3c0fb5
      size: 857827
    outs:
    - path: .calkit/notebooks/cleaned/modules/CEM/make_additional_tech_csv.ipynb
      hash: md5
      md5: 93c6542e7df2d093fdc7b7c3fa34c456
      size: 25878
  powergenome-data-download:
    cmd: calkit xenv -n decider-2 --no-check -- python 
      ./modules/CEM/get-powergenome-data.py
    deps:
    - path: ./modules/CEM/get-powergenome-data.py
      hash: md5
      md5: 82ee6f0dbc031a5dcb51fc695213cdab
      size: 8618
    - path: .calkit/env-locks/decider-2.yml
      hash: md5
      md5: 3be0a3c62ed6a651731c50b34c2a87b9
      size: 16397
    - path: modules/CEM/get-powergenome-data.py
      hash: md5
      md5: 82ee6f0dbc031a5dcb51fc695213cdab
      size: 8618
    outs:
    - path: modules/CEM/data/
      hash: md5
      md5: 27e17359d4cdd2301e9566544a4ce19b.dir
      size: 10462955246
      nfiles: 222
    - path: modules/CEM/data_CA/test_demand_segments_voll.csv
      hash: md5
      md5: c43e30e32fa5bc63a01dd279648e32cc
      size: 122
    - path: modules/CEM/data_CA/test_misc_gen_inputs.csv
      hash: md5
      md5: c72902fedbe39f69d4c943c520e085ff
      size: 2087
    - path: modules/CEM/data_east/Reserves.csv
      hash: md5
      md5: eb96009f00918d5d86ea890e94b2932f
      size: 189
    - path: modules/CEM/data_east/demand_segments_voll.csv
      hash: md5
      md5: 8434b5682b57411696689e4883dd46fd
      size: 158
    - path: modules/CEM/data_east/emission_policies.csv
      hash: md5
      md5: d67c56e902690315130682298d87cf83
      size: 200
    - path: modules/CEM/data_east/misc_gen_inputs.csv
      hash: md5
      md5: 685b36c27546ed661b2eef5a9d5abc4d
      size: 2316
    - path: modules/CEM/data_east/resource_capacity_spur.csv
      hash: md5
      md5: 7254e40ce132416ebc9c2ab3ca55cd2a
      size: 589
  setup-sweep:
    cmd: calkit nb execute --environment decider-2 --no-check --to html 
      "modules/CEM/make_additional_tech_csv.ipynb"
    deps:
    - path: .calkit/env-locks/decider-2.yml
      hash: md5
      md5: 3be0a3c62ed6a651731c50b34c2a87b9
      size: 16397
    - path: .calkit/notebooks/cleaned/modules/CEM/make_additional_tech_csv.ipynb
      hash: md5
      md5: 93c6542e7df2d093fdc7b7c3fa34c456
      size: 25878
    - path: modules/CEM/make_additional_tech_csv.ipynb
      hash: md5
      md5: db3effcb21359e8d5d9c6ebeed3c0fb5
      size: 857827
    - path: modules/CEM/template/cost_mult_tech_map.yml
      hash: md5
      md5: 1efa7f1c5e628c303d9f8aa636634867
      size: 1965
    outs:
    - path: 
        .calkit/notebooks/executed/modules/CEM/make_additional_tech_csv.ipynb
      hash: md5
      md5: 8fd32b3d3912f78dfd01c2cea75dd8ae
      size: 343788
    - path: .calkit/notebooks/html/modules/CEM/make_additional_tech_csv.html
      hash: md5
      md5: 824d029f769f0ee9156320da103433b9
      size: 660929
    - path: modules/CEM/data_east/scenario_input.csv
      hash: md5
      md5: 7c2b4ceb44b33f1ea8c9cade2b144b82
      size: 701
    - path: modules/CEM/data_east/settings/cost_mult_tech_map_updated.yml
      hash: md5
      md5: 1c6197aedb151d35fd559d32010ffd6b
      size: 2004
    - path: modules/CEM/data_east/settings/settings_management.yml
      hash: md5
      md5: 4dc416945480f600e512cca8bf0266bf
      size: 1002
    - path: modules/CEM/data_east/wave_profiles
      hash: md5
      md5: 07c2e44b38fe4943c861fe192f84cf0c.dir
      size: 596114
      nfiles: 1
  _clean-nb-analyze-results:
    cmd: calkit nb clean "modules/CEM/analyze_results.ipynb"
    deps:
    - path: modules/CEM/analyze_results.ipynb
      hash: md5
      md5: 58f31b0c99a5357af094aaade257a37b
      size: 409052
    outs:
    - path: .calkit/notebooks/cleaned/modules/CEM/analyze_results.ipynb
      hash: md5
      md5: 493cb73611110d1d4375df198252f528
      size: 19403
  powergenome-run:
    cmd: calkit xenv -n decider-2 --no-check -- bash --noprofile --norc 
      ./modules/CEM/run_powergenome.sh
    deps:
    - path: ./modules/CEM/run_powergenome.sh
      hash: md5
      md5: 14c78f0038e32b1c362e142bca52e49c
      size: 1021
    - path: .calkit/env-locks/decider-2.yml
      hash: md5
      md5: 3be0a3c62ed6a651731c50b34c2a87b9
      size: 16397
    - path: 
        .calkit/notebooks/executed/modules/CEM/make_additional_tech_csv.ipynb
      hash: md5
      md5: b2207b96b1b64544e82cd488a7eb35f9
      size: 342788
    - path: .calkit/notebooks/html/modules/CEM/make_additional_tech_csv.html
      hash: md5
      md5: c0b7566ba19ecfb229a4d21b818fb79b
      size: 660371
    - path: modules/CEM/data/
      hash: md5
      md5: 27e17359d4cdd2301e9566544a4ce19b.dir
      size: 10462955246
      nfiles: 222
    - path: modules/CEM/data_CA/settings/test_settings.yml
      hash: md5
      md5: 28d1c8d2b5caee8f611a855ed4553907
      size: 32620
    - path: modules/CEM/data_CA/test_demand_segments_voll.csv
      hash: md5
      md5: c43e30e32fa5bc63a01dd279648e32cc
      size: 122
    - path: modules/CEM/data_CA/test_misc_gen_inputs.csv
      hash: md5
      md5: c72902fedbe39f69d4c943c520e085ff
      size: 2087
    - path: modules/CEM/data_east/Reserves.csv
      hash: md5
      md5: eb96009f00918d5d86ea890e94b2932f
      size: 189
    - path: modules/CEM/data_east/demand_segments_voll.csv
      hash: md5
      md5: 8434b5682b57411696689e4883dd46fd
      size: 158
    - path: modules/CEM/data_east/emission_policies.csv
      hash: md5
      md5: d67c56e902690315130682298d87cf83
      size: 200
    - path: modules/CEM/data_east/misc_gen_inputs.csv
      hash: md5
      md5: 685b36c27546ed661b2eef5a9d5abc4d
      size: 2316
    - path: modules/CEM/data_east/resource_capacity_spur.csv
      hash: md5
      md5: 7254e40ce132416ebc9c2ab3ca55cd2a
      size: 589
    - path: modules/CEM/data_east/scenario_input.csv
      hash: md5
      md5: c8b74b389866a73d541fea99d5e17a57
      size: 492
    - path: modules/CEM/data_east/settings/cost_mult_tech_map_updated.yml
      hash: md5
      md5: fae76541ec56dda85cbb273cebfc519a
      size: 1991
    - path: modules/CEM/data_east/settings/settings_management.yml
      hash: md5
      md5: 3f168d5b4377c6ee3e6923ce01386691
      size: 939
    - path: modules/CEM/data_east/settings/test_settings_2.yml
      hash: md5
      md5: cc5739f4bed47f26aa4a59bd18e7c061
      size: 37063
    - path: modules/CEM/data_east/wave_profiles
      hash: md5
      md5: 2984f5a213c2bb98dfcd0ee4e32c34a1.dir
      size: 397452
      nfiles: 1
    - path: modules/CEM/pg-data-env.yml
      hash: md5
      md5: 074d35d12b035453df69209cef462f10
      size: 717
    - path: modules/CEM/run_powergenome.sh
      hash: md5
      md5: 14c78f0038e32b1c362e142bca52e49c
      size: 1021
    outs:
    - path: 
        modules/CEM/data_east/cases/Case_year_2030_electrification_ref_carbon_constraint_med_wave_variability_Avail_zeta_0.05_omega_n_0.5_D_f_20_limited_400_wave_cost_Wave_700/inputs
      hash: md5
      md5: 36a8cfaf211a7a474252912664c685d8.dir
      size: 1029059
      nfiles: 30
    - path: 
        modules/CEM/data_east/cases/Case_year_2030_electrification_ref_carbon_constraint_med_wave_variability_Avail_zeta_0.05_omega_n_0.5_D_f_20_limited_400_wave_cost_Wave_900/inputs
      hash: md5
      md5: f1c7f61320a4dd5b7b3b1eaea7c8e21c.dir
      size: 1029068
      nfiles: 30
  genx-run:
    cmd: calkit xenv -n decider-2 --no-check -- bash --noprofile --norc -c 
      "julia modules/CEM/Run.jl"
    deps:
    - path: .calkit/env-locks/decider-2.yml
      hash: md5
      md5: 3be0a3c62ed6a651731c50b34c2a87b9
      size: 16397
    - path: modules/CEM/Manifest.toml
      hash: md5
      md5: 9a0de9e92c7903a5d51d3eac7bfbc25e
      size: 45863
    - path: modules/CEM/Run.jl
      hash: md5
      md5: c7492057aa7b25ced2d6c190b462ee28
      size: 2986
    - path: 
        modules/CEM/data_east/cases/Case_year_2030_electrification_ref_carbon_constraint_med_wave_variability_Avail_zeta_0.05_omega_n_0.5_D_f_20_limited_400_wave_cost_Wave_300/inputs
      hash: md5
      md5: c9fde499f0763c7f0300c5b1b7676a96.dir
      size: 1029062
      nfiles: 30
    - path: 
        modules/CEM/data_east/cases/Case_year_2030_electrification_ref_carbon_constraint_med_wave_variability_Avail_zeta_0.05_omega_n_0.5_D_f_20_limited_400_wave_cost_Wave_600/inputs
      hash: md5
      md5: 3c78d2d2b9c0417d2443a543e2a21a06.dir
      size: 1029068
      nfiles: 30
    outs:
    - path: 
        modules/CEM/data_east/cases/Case_year_2030_electrification_ref_carbon_constraint_med_wave_variability_Avail_zeta_0.05_omega_n_0.5_D_f_20_limited_400_wave_cost_Wave_300/results
      hash: md5
      md5: a6f077306debba87d103e8927758ef1a.dir
      size: 1770590
      nfiles: 30
    - path: 
        modules/CEM/data_east/cases/Case_year_2030_electrification_ref_carbon_constraint_med_wave_variability_Avail_zeta_0.05_omega_n_0.5_D_f_20_limited_400_wave_cost_Wave_600/results
      hash: md5
      md5: 4707b0d5692f2e16ee27a2cd4f008488.dir
      size: 1860820
      nfiles: 30
  analyze-results:
    cmd: calkit nb execute --environment decider-2 --no-check --to html 
      "modules/CEM/analyze_results.ipynb"
    deps:
    - path: .calkit/env-locks/decider-2.yml
      hash: md5
      md5: 3be0a3c62ed6a651731c50b34c2a87b9
      size: 16397
    - path: .calkit/notebooks/cleaned/modules/CEM/analyze_results.ipynb
      hash: md5
      md5: 493cb73611110d1d4375df198252f528
      size: 19403
    - path: 
        modules/CEM/data_east/cases/Case_year_2030_electrification_ref_carbon_constraint_med_wave_variability_Avail_zeta_0.05_omega_n_0.5_D_f_20_limited_400_wave_cost_Wave_300/results
      hash: md5
      md5: 17fedd3d34a0681653b9473ee38d5302.dir
      size: 1770590
      nfiles: 30
    - path: 
        modules/CEM/data_east/cases/Case_year_2030_electrification_ref_carbon_constraint_med_wave_variability_Avail_zeta_0.05_omega_n_0.5_D_f_20_limited_400_wave_cost_Wave_400/results
      hash: md5
      md5: 563a53f8e93980afcf65d381f30fa6e0.dir
      size: 1803225
      nfiles: 30
    - path: 
        modules/CEM/data_east/cases/Case_year_2030_electrification_ref_carbon_constraint_med_wave_variability_Avail_zeta_0.05_omega_n_0.5_D_f_20_limited_400_wave_cost_Wave_500/results
      hash: md5
      md5: 600ebf3704538c4b8ce228ff7806f093.dir
      size: 1853509
      nfiles: 30
    - path: modules/CEM/data_east/scenario_input.csv
      hash: md5
      md5: 7c2b4ceb44b33f1ea8c9cade2b144b82
      size: 701
    outs:
    - path: .calkit/notebooks/executed/modules/CEM/analyze_results.ipynb
      hash: md5
      md5: 0d425b9c78a2338550b3d2b2e2b48669
      size: 75132
    - path: .calkit/notebooks/html/modules/CEM/analyze_results.html
      hash: md5
      md5: a7f3a62a833ef998b8b71731a61212df
      size: 399671
  _check-env-decider-2:
    cmd: calkit check environment --name decider-2
    deps:
    - path: envs/calkit-environment.yml
      hash: md5
      md5: 1106d6a58d71d8d9058a7af25ad9b991
      size: 617
    outs:
    - path: .calkit/env-locks/decider-2.yml
      hash: md5
      md5: 3be0a3c62ed6a651731c50b34c2a87b9
      size: 16397
  setup-hsds:
    cmd: calkit xenv -n decider-2 --no-check -- bash --noprofile --norc -c 
      "envsubst < .hscfg > ~/.hscfg"
    deps:
    - path: .calkit/env-locks/decider-2.yml
      hash: md5
      md5: 3be0a3c62ed6a651731c50b34c2a87b9
      size: 16397
    - path: .hscfg
      hash: md5
      md5: 303ce8189f6f66d8bed92cee0541e864
      size: 116
  genx-setup:
    cmd: calkit xenv -n decider-2 --no-check -- bash --noprofile --norc -c 
      "julia modules/CEM/setup.jl"
    deps:
    - path: .calkit/env-locks/decider-2.yml
      hash: md5
      md5: 3be0a3c62ed6a651731c50b34c2a87b9
      size: 16397
    - path: modules/CEM/Project.toml
      hash: md5
      md5: dab2870f564996845086283eab7e155c
      size: 445
    outs:
    - path: modules/CEM/Manifest.toml
      hash: md5
      md5: 9a0de9e92c7903a5d51d3eac7bfbc25e
      size: 45863
  powergenome-run@0.05-0.5-20-300-400:
    cmd: calkit xenv -n decider-2 --no-check -- bash --noprofile --norc 
      ./modules/CEM/run_powergenome.sh
    deps:
    - path: ./modules/CEM/run_powergenome.sh
      hash: md5
      md5: 14c78f0038e32b1c362e142bca52e49c
      size: 1021
    - path: .calkit/env-locks/decider-2.yml
      hash: md5
      md5: 3be0a3c62ed6a651731c50b34c2a87b9
      size: 16397
    - path: 
        .calkit/notebooks/executed/modules/CEM/make_additional_tech_csv.ipynb
      hash: md5
      md5: 8fd32b3d3912f78dfd01c2cea75dd8ae
      size: 343788
    - path: .calkit/notebooks/html/modules/CEM/make_additional_tech_csv.html
      hash: md5
      md5: 824d029f769f0ee9156320da103433b9
      size: 660929
    - path: modules/CEM/data/
      hash: md5
      md5: 27e17359d4cdd2301e9566544a4ce19b.dir
      size: 10462955246
      nfiles: 222
    - path: modules/CEM/data_CA/settings/test_settings.yml
      hash: md5
      md5: 28d1c8d2b5caee8f611a855ed4553907
      size: 32620
    - path: modules/CEM/data_CA/test_demand_segments_voll.csv
      hash: md5
      md5: c43e30e32fa5bc63a01dd279648e32cc
      size: 122
    - path: modules/CEM/data_CA/test_misc_gen_inputs.csv
      hash: md5
      md5: c72902fedbe39f69d4c943c520e085ff
      size: 2087
    - path: modules/CEM/data_east/Reserves.csv
      hash: md5
      md5: eb96009f00918d5d86ea890e94b2932f
      size: 189
    - path: modules/CEM/data_east/demand_segments_voll.csv
      hash: md5
      md5: 8434b5682b57411696689e4883dd46fd
      size: 158
    - path: modules/CEM/data_east/emission_policies.csv
      hash: md5
      md5: d67c56e902690315130682298d87cf83
      size: 200
    - path: modules/CEM/data_east/misc_gen_inputs.csv
      hash: md5
      md5: 685b36c27546ed661b2eef5a9d5abc4d
      size: 2316
    - path: modules/CEM/data_east/resource_capacity_spur.csv
      hash: md5
      md5: 7254e40ce132416ebc9c2ab3ca55cd2a
      size: 589
    - path: modules/CEM/data_east/scenario_input.csv
      hash: md5
      md5: 7c2b4ceb44b33f1ea8c9cade2b144b82
      size: 701
    - path: modules/CEM/data_east/settings/cost_mult_tech_map_updated.yml
      hash: md5
      md5: 1c6197aedb151d35fd559d32010ffd6b
      size: 2004
    - path: modules/CEM/data_east/settings/settings_management.yml
      hash: md5
      md5: 4dc416945480f600e512cca8bf0266bf
      size: 1002
    - path: modules/CEM/data_east/settings/test_settings_2.yml
      hash: md5
      md5: cc5739f4bed47f26aa4a59bd18e7c061
      size: 37063
    - path: modules/CEM/data_east/wave_profiles
      hash: md5
      md5: 07c2e44b38fe4943c861fe192f84cf0c.dir
      size: 596114
      nfiles: 1
    - path: modules/CEM/pg-data-env.yml
      hash: md5
      md5: 074d35d12b035453df69209cef462f10
      size: 717
    - path: modules/CEM/run_powergenome.sh
      hash: md5
      md5: 14c78f0038e32b1c362e142bca52e49c
      size: 1021
    outs:
    - path: 
        modules/CEM/data_east/cases/Case_year_2030_electrification_ref_carbon_constraint_med_wave_variability_Avail_zeta_0.05_omega_n_0.5_D_f_20_limited_400_wave_cost_Wave_300/inputs
      hash: md5
      md5: 47c43321f0f9d4a5f3bf5fc8cd61845f.dir
      size: 1029196
      nfiles: 30
  powergenome-run@0.05-0.5-20-400-400:
    cmd: calkit xenv -n decider-2 --no-check -- bash --noprofile --norc 
      ./modules/CEM/run_powergenome.sh
    deps:
    - path: ./modules/CEM/run_powergenome.sh
      hash: md5
      md5: 14c78f0038e32b1c362e142bca52e49c
      size: 1021
    - path: .calkit/env-locks/decider-2.yml
      hash: md5
      md5: 3be0a3c62ed6a651731c50b34c2a87b9
      size: 16397
    - path: 
        .calkit/notebooks/executed/modules/CEM/make_additional_tech_csv.ipynb
      hash: md5
      md5: 8fd32b3d3912f78dfd01c2cea75dd8ae
      size: 343788
    - path: .calkit/notebooks/html/modules/CEM/make_additional_tech_csv.html
      hash: md5
      md5: 824d029f769f0ee9156320da103433b9
      size: 660929
    - path: modules/CEM/data/
      hash: md5
      md5: 27e17359d4cdd2301e9566544a4ce19b.dir
      size: 10462955246
      nfiles: 222
    - path: modules/CEM/data_CA/settings/test_settings.yml
      hash: md5
      md5: 28d1c8d2b5caee8f611a855ed4553907
      size: 32620
    - path: modules/CEM/data_CA/test_demand_segments_voll.csv
      hash: md5
      md5: c43e30e32fa5bc63a01dd279648e32cc
      size: 122
    - path: modules/CEM/data_CA/test_misc_gen_inputs.csv
      hash: md5
      md5: c72902fedbe39f69d4c943c520e085ff
      size: 2087
    - path: modules/CEM/data_east/Reserves.csv
      hash: md5
      md5: eb96009f00918d5d86ea890e94b2932f
      size: 189
    - path: modules/CEM/data_east/demand_segments_voll.csv
      hash: md5
      md5: 8434b5682b57411696689e4883dd46fd
      size: 158
    - path: modules/CEM/data_east/emission_policies.csv
      hash: md5
      md5: d67c56e902690315130682298d87cf83
      size: 200
    - path: modules/CEM/data_east/misc_gen_inputs.csv
      hash: md5
      md5: 685b36c27546ed661b2eef5a9d5abc4d
      size: 2316
    - path: modules/CEM/data_east/resource_capacity_spur.csv
      hash: md5
      md5: 7254e40ce132416ebc9c2ab3ca55cd2a
      size: 589
    - path: modules/CEM/data_east/scenario_input.csv
      hash: md5
      md5: 7c2b4ceb44b33f1ea8c9cade2b144b82
      size: 701
    - path: modules/CEM/data_east/settings/cost_mult_tech_map_updated.yml
      hash: md5
      md5: 1c6197aedb151d35fd559d32010ffd6b
      size: 2004
    - path: modules/CEM/data_east/settings/settings_management.yml
      hash: md5
      md5: 4dc416945480f600e512cca8bf0266bf
      size: 1002
    - path: modules/CEM/data_east/settings/test_settings_2.yml
      hash: md5
      md5: cc5739f4bed47f26aa4a59bd18e7c061
      size: 37063
    - path: modules/CEM/data_east/wave_profiles
      hash: md5
      md5: 07c2e44b38fe4943c861fe192f84cf0c.dir
      size: 596114
      nfiles: 1
    - path: modules/CEM/pg-data-env.yml
      hash: md5
      md5: 074d35d12b035453df69209cef462f10
      size: 717
    - path: modules/CEM/run_powergenome.sh
      hash: md5
      md5: 14c78f0038e32b1c362e142bca52e49c
      size: 1021
    outs:
    - path: 
        modules/CEM/data_east/cases/Case_year_2030_electrification_ref_carbon_constraint_med_wave_variability_Avail_zeta_0.05_omega_n_0.5_D_f_20_limited_400_wave_cost_Wave_400/inputs
      hash: md5
      md5: 59b99bb2ae69e4a59c00a9df426ba3f8.dir
      size: 1029205
      nfiles: 30
  powergenome-run@0.05-0.5-20-500-400:
    cmd: calkit xenv -n decider-2 --no-check -- bash --noprofile --norc 
      ./modules/CEM/run_powergenome.sh
    deps:
    - path: ./modules/CEM/run_powergenome.sh
      hash: md5
      md5: 14c78f0038e32b1c362e142bca52e49c
      size: 1021
    - path: .calkit/env-locks/decider-2.yml
      hash: md5
      md5: 3be0a3c62ed6a651731c50b34c2a87b9
      size: 16397
    - path: 
        .calkit/notebooks/executed/modules/CEM/make_additional_tech_csv.ipynb
      hash: md5
      md5: 8fd32b3d3912f78dfd01c2cea75dd8ae
      size: 343788
    - path: .calkit/notebooks/html/modules/CEM/make_additional_tech_csv.html
      hash: md5
      md5: 824d029f769f0ee9156320da103433b9
      size: 660929
    - path: modules/CEM/data/
      hash: md5
      md5: 27e17359d4cdd2301e9566544a4ce19b.dir
      size: 10462955246
      nfiles: 222
    - path: modules/CEM/data_CA/settings/test_settings.yml
      hash: md5
      md5: 28d1c8d2b5caee8f611a855ed4553907
      size: 32620
    - path: modules/CEM/data_CA/test_demand_segments_voll.csv
      hash: md5
      md5: c43e30e32fa5bc63a01dd279648e32cc
      size: 122
    - path: modules/CEM/data_CA/test_misc_gen_inputs.csv
      hash: md5
      md5: c72902fedbe39f69d4c943c520e085ff
      size: 2087
    - path: modules/CEM/data_east/Reserves.csv
      hash: md5
      md5: eb96009f00918d5d86ea890e94b2932f
      size: 189
    - path: modules/CEM/data_east/demand_segments_voll.csv
      hash: md5
      md5: 8434b5682b57411696689e4883dd46fd
      size: 158
    - path: modules/CEM/data_east/emission_policies.csv
      hash: md5
      md5: d67c56e902690315130682298d87cf83
      size: 200
    - path: modules/CEM/data_east/misc_gen_inputs.csv
      hash: md5
      md5: 685b36c27546ed661b2eef5a9d5abc4d
      size: 2316
    - path: modules/CEM/data_east/resource_capacity_spur.csv
      hash: md5
      md5: 7254e40ce132416ebc9c2ab3ca55cd2a
      size: 589
    - path: modules/CEM/data_east/scenario_input.csv
      hash: md5
      md5: 7c2b4ceb44b33f1ea8c9cade2b144b82
      size: 701
    - path: modules/CEM/data_east/settings/cost_mult_tech_map_updated.yml
      hash: md5
      md5: 1c6197aedb151d35fd559d32010ffd6b
      size: 2004
    - path: modules/CEM/data_east/settings/settings_management.yml
      hash: md5
      md5: 4dc416945480f600e512cca8bf0266bf
      size: 1002
    - path: modules/CEM/data_east/settings/test_settings_2.yml
      hash: md5
      md5: cc5739f4bed47f26aa4a59bd18e7c061
      size: 37063
    - path: modules/CEM/data_east/wave_profiles
      hash: md5
      md5: 07c2e44b38fe4943c861fe192f84cf0c.dir
      size: 596114
      nfiles: 1
    - path: modules/CEM/pg-data-env.yml
      hash: md5
      md5: 074d35d12b035453df69209cef462f10
      size: 717
    - path: modules/CEM/run_powergenome.sh
      hash: md5
      md5: 14c78f0038e32b1c362e142bca52e49c
      size: 1021
    outs:
    - path: 
        modules/CEM/data_east/cases/Case_year_2030_electrification_ref_carbon_constraint_med_wave_variability_Avail_zeta_0.05_omega_n_0.5_D_f_20_limited_400_wave_cost_Wave_500/inputs
      hash: md5
      md5: 85628640326698066aed768e26a666d1.dir
      size: 1029205
      nfiles: 30
  genx-run@0.05-0.5-20-300-400:
    cmd: calkit xenv -n decider-2 --no-check -- bash --noprofile --norc -c 
      "julia modules/CEM/Run.jl"
    deps:
    - path: .calkit/env-locks/decider-2.yml
      hash: md5
      md5: 3be0a3c62ed6a651731c50b34c2a87b9
      size: 16397
    - path: modules/CEM/Manifest.toml
      hash: md5
      md5: 9a0de9e92c7903a5d51d3eac7bfbc25e
      size: 45863
    - path: modules/CEM/Run.jl
      hash: md5
      md5: c7492057aa7b25ced2d6c190b462ee28
      size: 2986
    - path: 
        modules/CEM/data_east/cases/Case_year_2030_electrification_ref_carbon_constraint_med_wave_variability_Avail_zeta_0.05_omega_n_0.5_D_f_20_limited_400_wave_cost_Wave_300/inputs
      hash: md5
      md5: ed0a469ff7d234ca4d311e5242407ab5.dir
      size: 1029196
      nfiles: 30
    - path: 
        modules/CEM/data_east/cases/Case_year_2030_electrification_ref_carbon_constraint_med_wave_variability_Avail_zeta_0.05_omega_n_0.5_D_f_20_limited_400_wave_cost_Wave_400/inputs
      hash: md5
      md5: 3caa4a2d0fe5212c3cf63e3ae6d88871.dir
      size: 1029205
      nfiles: 30
    - path: 
        modules/CEM/data_east/cases/Case_year_2030_electrification_ref_carbon_constraint_med_wave_variability_Avail_zeta_0.05_omega_n_0.5_D_f_20_limited_400_wave_cost_Wave_500/inputs
      hash: md5
      md5: 85628640326698066aed768e26a666d1.dir
      size: 1029205
      nfiles: 30
    outs:
    - path: 
        modules/CEM/data_east/cases/Case_year_2030_electrification_ref_carbon_constraint_med_wave_variability_Avail_zeta_0.05_omega_n_0.5_D_f_20_limited_400_wave_cost_Wave_300/results
      hash: md5
      md5: 17fedd3d34a0681653b9473ee38d5302.dir
      size: 1770590
      nfiles: 30
  genx-run@0.05-0.5-20-400-400:
    cmd: calkit xenv -n decider-2 --no-check -- bash --noprofile --norc -c 
      "julia modules/CEM/Run.jl"
    deps:
    - path: .calkit/env-locks/decider-2.yml
      hash: md5
      md5: 3be0a3c62ed6a651731c50b34c2a87b9
      size: 16397
    - path: modules/CEM/Manifest.toml
      hash: md5
      md5: 9a0de9e92c7903a5d51d3eac7bfbc25e
      size: 45863
    - path: modules/CEM/Run.jl
      hash: md5
      md5: c7492057aa7b25ced2d6c190b462ee28
      size: 2986
    - path: 
        modules/CEM/data_east/cases/Case_year_2030_electrification_ref_carbon_constraint_med_wave_variability_Avail_zeta_0.05_omega_n_0.5_D_f_20_limited_400_wave_cost_Wave_300/inputs
      hash: md5
      md5: ed0a469ff7d234ca4d311e5242407ab5.dir
      size: 1029196
      nfiles: 30
    - path: 
        modules/CEM/data_east/cases/Case_year_2030_electrification_ref_carbon_constraint_med_wave_variability_Avail_zeta_0.05_omega_n_0.5_D_f_20_limited_400_wave_cost_Wave_400/inputs
      hash: md5
      md5: 3caa4a2d0fe5212c3cf63e3ae6d88871.dir
      size: 1029205
      nfiles: 30
    - path: 
        modules/CEM/data_east/cases/Case_year_2030_electrification_ref_carbon_constraint_med_wave_variability_Avail_zeta_0.05_omega_n_0.5_D_f_20_limited_400_wave_cost_Wave_500/inputs
      hash: md5
      md5: 85628640326698066aed768e26a666d1.dir
      size: 1029205
      nfiles: 30
    outs:
    - path: 
        modules/CEM/data_east/cases/Case_year_2030_electrification_ref_carbon_constraint_med_wave_variability_Avail_zeta_0.05_omega_n_0.5_D_f_20_limited_400_wave_cost_Wave_400/results
      hash: md5
      md5: 563a53f8e93980afcf65d381f30fa6e0.dir
      size: 1803225
      nfiles: 30
  genx-run@0.05-0.5-20-500-400:
    cmd: calkit xenv -n decider-2 --no-check -- bash --noprofile --norc -c 
      "julia modules/CEM/Run.jl"
    deps:
    - path: .calkit/env-locks/decider-2.yml
      hash: md5
      md5: 3be0a3c62ed6a651731c50b34c2a87b9
      size: 16397
    - path: modules/CEM/Manifest.toml
      hash: md5
      md5: 9a0de9e92c7903a5d51d3eac7bfbc25e
      size: 45863
    - path: modules/CEM/Run.jl
      hash: md5
      md5: c7492057aa7b25ced2d6c190b462ee28
      size: 2986
    - path: 
        modules/CEM/data_east/cases/Case_year_2030_electrification_ref_carbon_constraint_med_wave_variability_Avail_zeta_0.05_omega_n_0.5_D_f_20_limited_400_wave_cost_Wave_300/inputs
      hash: md5
      md5: ed0a469ff7d234ca4d311e5242407ab5.dir
      size: 1029196
      nfiles: 30
    - path: 
        modules/CEM/data_east/cases/Case_year_2030_electrification_ref_carbon_constraint_med_wave_variability_Avail_zeta_0.05_omega_n_0.5_D_f_20_limited_400_wave_cost_Wave_400/inputs
      hash: md5
      md5: 3caa4a2d0fe5212c3cf63e3ae6d88871.dir
      size: 1029205
      nfiles: 30
    - path: 
        modules/CEM/data_east/cases/Case_year_2030_electrification_ref_carbon_constraint_med_wave_variability_Avail_zeta_0.05_omega_n_0.5_D_f_20_limited_400_wave_cost_Wave_500/inputs
      hash: md5
      md5: 85628640326698066aed768e26a666d1.dir
      size: 1029205
      nfiles: 30
    outs:
    - path: 
        modules/CEM/data_east/cases/Case_year_2030_electrification_ref_carbon_constraint_med_wave_variability_Avail_zeta_0.05_omega_n_0.5_D_f_20_limited_400_wave_cost_Wave_500/results
      hash: md5
      md5: 600ebf3704538c4b8ce228ff7806f093.dir
      size: 1853509
      nfiles: 30
